
Microsoft Visual Studio Solution File, Format Version 12.00
# Visual Studio Version 16
VisualStudioVersion = 16.0.32413.511
MinimumVisualStudioVersion = 10.0.40219.1
Project("{FAE04EC0-301F-11D3-BF4B-00C04F79EFBC}") = "exercico 1", "exercico 1\exercico 1.csproj", "{C7566291-28D6-4407-AB6F-6FDF1FA8A0B8}"
EndProject
Global
	GlobalSection(SolutionConfigurationPlatforms) = preSolution
		Debug|Any CPU = Debug|Any CPU
		Release|Any CPU = Release|Any CPU
	EndGlobalSection
	GlobalSection(ProjectConfigurationPlatforms) = postSolution
		{C7566291-28D6-4407-AB6F-6FDF1FA8A0B8}.Debug|Any CPU.ActiveCfg = Debug|Any CPU
		{C7566291-28D6-4407-AB6F-6FDF1FA8A0B8}.Debug|Any CPU.Build.0 = Debug|Any CPU
		{C7566291-28D6-4407-AB6F-6FDF1FA8A0B8}.Release|Any CPU.ActiveCfg = Release|Any CPU
		{C7566291-28D6-4407-AB6F-6FDF1FA8A0B8}.Release|Any CPU.Build.0 = Release|Any CPU
	EndGlobalSection
	GlobalSection(SolutionProperties) = preSolution
		HideSolutionNode = FALSE
	EndGlobalSection
	GlobalSection(ExtensibilityGlobals) = postSolution
		SolutionGuid = {ED75C1BF-C266-4CEE-84F4-F85DBBFA25BB}
	EndGlobalSection
EndGlobal
